
Microsoft Visual Studio Solution File, Format Version 12.00
# Visual Studio Version 16
VisualStudioVersion = 16.0.31424.327
MinimumVisualStudioVersion = 10.0.40219.1
Project("{FAE04EC0-301F-11D3-BF4B-00C04F79EFBC}") = "wfgk", "wfgk\wfgk.csproj", "{F1C0AEF6-CE57-45E0-8A07-AB1BCCF1FEAB}"
EndProject
Global
	GlobalSection(SolutionConfigurationPlatforms) = preSolution
		Debug|Any CPU = Debug|Any CPU
		Release|Any CPU = Release|Any CPU
	EndGlobalSection
	GlobalSection(ProjectConfigurationPlatforms) = postSolution
		{F1C0AEF6-CE57-45E0-8A07-AB1BCCF1FEAB}.Debug|Any CPU.ActiveCfg = Debug|Any CPU
		{F1C0AEF6-CE57-45E0-8A07-AB1BCCF1FEAB}.Debug|Any CPU.Build.0 = Debug|Any CPU
		{F1C0AEF6-CE57-45E0-8A07-AB1BCCF1FEAB}.Release|Any CPU.ActiveCfg = Release|Any CPU
		{F1C0AEF6-CE57-45E0-8A07-AB1BCCF1FEAB}.Release|Any CPU.Build.0 = Release|Any CPU
	EndGlobalSection
	GlobalSection(SolutionProperties) = preSolution
		HideSolutionNode = FALSE
	EndGlobalSection
	GlobalSection(ExtensibilityGlobals) = postSolution
		SolutionGuid = {DF2C4ABE-7E3A-4DB9-8564-2E029CF967D0}
	EndGlobalSection
EndGlobal
